
Microsoft Visual Studio Solution File, Format Version 12.00
# Visual Studio Version 17
VisualStudioVersion = 17.1.32228.430
MinimumVisualStudioVersion = 10.0.40219.1
Project("{9A19103F-16F7-4668-BE54-9A1E7A4F7556}") = "Blazorise.ExComponents", "Blazorise.ExComponents\Blazorise.ExComponents.csproj", "{B5073DD0-D51E-4EA3-8CD3-D0C562935F67}"
EndProject
Global
	GlobalSection(SolutionConfigurationPlatforms) = preSolution
		Debug|Any CPU = Debug|Any CPU
		Debug|x86 = Debug|x86
		Release|Any CPU = Release|Any CPU
		Release|x86 = Release|x86
	EndGlobalSection
	GlobalSection(ProjectConfigurationPlatforms) = postSolution
		{B5073DD0-D51E-4EA3-8CD3-D0C562935F67}.Debug|Any CPU.ActiveCfg = Debug|Any CPU
		{B5073DD0-D51E-4EA3-8CD3-D0C562935F67}.Debug|Any CPU.Build.0 = Debug|Any CPU
		{B5073DD0-D51E-4EA3-8CD3-D0C562935F67}.Debug|x86.ActiveCfg = Debug|Any CPU
		{B5073DD0-D51E-4EA3-8CD3-D0C562935F67}.Debug|x86.Build.0 = Debug|Any CPU
		{B5073DD0-D51E-4EA3-8CD3-D0C562935F67}.Release|Any CPU.ActiveCfg = Release|Any CPU
		{B5073DD0-D51E-4EA3-8CD3-D0C562935F67}.Release|Any CPU.Build.0 = Release|Any CPU
		{B5073DD0-D51E-4EA3-8CD3-D0C562935F67}.Release|x86.ActiveCfg = Release|Any CPU
		{B5073DD0-D51E-4EA3-8CD3-D0C562935F67}.Release|x86.Build.0 = Release|Any CPU
	EndGlobalSection
	GlobalSection(SolutionProperties) = preSolution
		HideSolutionNode = FALSE
	EndGlobalSection
	GlobalSection(ExtensibilityGlobals) = postSolution
		SolutionGuid = {998585E9-582A-47B1-8FEE-DBCA371AE6AC}
	EndGlobalSection
EndGlobal
